// !$*UTF8*$!
{
	archiveVersion = 1;
	classes = {
	};
	objectVersion = 56;
	objects = {

/* Begin PBXBuildFile section */
		ED7C6F352C6E30A1009B511D /* MenuView.swift in Sources */ = {isa = PBXBuildFile; fileRef = ED7C6F342C6E30A1009B511D /* MenuView.swift */; };
		ED7C6F3B2C8F0B1C009B511D /* PatternModel.swift in Sources */ = {isa = PBXBuildFile; fileRef = ED7C6F3A2C8F0B1C009B511D /* PatternModel.swift */; };
		ED7C6F3D2C8F2A3C009B511D /* PaternData.swift in Sources */ = {isa = PBXBuildFile; fileRef = ED7C6F3C2C8F2A3C009B511D /* PaternData.swift */; };
		ED7C6F3F2C95841A009B511D /* HomeCellModel.swift in Sources */ = {isa = PBXBuildFile; fileRef = ED7C6F3E2C95841A009B511D /* HomeCellModel.swift */; };
		ED7C6F432CA2F20A009B511D /* HomeAssembly.swift in Sources */ = {isa = PBXBuildFile; fileRef = ED7C6F422CA2F20A009B511D /* HomeAssembly.swift */; };
		ED7C6F452CA2F218009B511D /* HomeRouter.swift in Sources */ = {isa = PBXBuildFile; fileRef = ED7C6F442CA2F218009B511D /* HomeRouter.swift */; };
		EDDAF3932CAE91290073DBFC /* DetailPatternViewController.swift in Sources */ = {isa = PBXBuildFile; fileRef = EDDAF3922CAE91290073DBFC /* DetailPatternViewController.swift */; };
		EDDAF3952CAFF6D50073DBFC /* Errors.swift in Sources */ = {isa = PBXBuildFile; fileRef = EDDAF3942CAFF6D50073DBFC /* Errors.swift */; };
		EDDAF3992CB28B430073DBFC /* AddingViewController.swift in Sources */ = {isa = PBXBuildFile; fileRef = EDDAF3982CB28B430073DBFC /* AddingViewController.swift */; };
		EDDAF39B2CB6B0010073DBFC /* AddingPresenter.swift in Sources */ = {isa = PBXBuildFile; fileRef = EDDAF39A2CB6B0010073DBFC /* AddingPresenter.swift */; };
		EDDAF39D2CB6B02F0073DBFC /* AddingRouter.swift in Sources */ = {isa = PBXBuildFile; fileRef = EDDAF39C2CB6B02F0073DBFC /* AddingRouter.swift */; };
		EDDAF3A12CBD054B0073DBFC /* DetailPresenter.swift in Sources */ = {isa = PBXBuildFile; fileRef = EDDAF3A02CBD054B0073DBFC /* DetailPresenter.swift */; };
		EDDAF3A32CBD05590073DBFC /* DetailRouter.swift in Sources */ = {isa = PBXBuildFile; fileRef = EDDAF3A22CBD05590073DBFC /* DetailRouter.swift */; };
		EDDAF3A62CBFF7310073DBFC /* ImagePicker.swift in Sources */ = {isa = PBXBuildFile; fileRef = EDDAF3A52CBFF7310073DBFC /* ImagePicker.swift */; };
		EDDAF3A82CC7FFB90073DBFC /* DropDown.swift in Sources */ = {isa = PBXBuildFile; fileRef = EDDAF3A72CC7FFB90073DBFC /* DropDown.swift */; };
		EDF6AAD12C664DAD006E843C /* AppDelegate.swift in Sources */ = {isa = PBXBuildFile; fileRef = EDF6AAD02C664DAD006E843C /* AppDelegate.swift */; };
		EDF6AAD32C664DAD006E843C /* SceneDelegate.swift in Sources */ = {isa = PBXBuildFile; fileRef = EDF6AAD22C664DAD006E843C /* SceneDelegate.swift */; };
		EDF6AADA2C664DB0006E843C /* Assets.xcassets in Resources */ = {isa = PBXBuildFile; fileRef = EDF6AAD92C664DB0006E843C /* Assets.xcassets */; };
		EDF6AADD2C664DB0006E843C /* Base in Resources */ = {isa = PBXBuildFile; fileRef = EDF6AADC2C664DB0006E843C /* Base */; };
		EDF6AAE52C665003006E843C /* HomePresenter.swift in Sources */ = {isa = PBXBuildFile; fileRef = EDF6AAE42C665003006E843C /* HomePresenter.swift */; };
		EDF6AAE72C66502F006E843C /* HomeViewController.swift in Sources */ = {isa = PBXBuildFile; fileRef = EDF6AAE62C66502F006E843C /* HomeViewController.swift */; };
		EDF6AAF32C67A013006E843C /* HomeTableViewCell.swift in Sources */ = {isa = PBXBuildFile; fileRef = EDF6AAF22C67A013006E843C /* HomeTableViewCell.swift */; };
/* End PBXBuildFile section */

/* Begin PBXFileReference section */
		ED7C6F342C6E30A1009B511D /* MenuView.swift */ = {isa = PBXFileReference; lastKnownFileType = sourcecode.swift; path = MenuView.swift; sourceTree = "<group>"; };
		ED7C6F3A2C8F0B1C009B511D /* PatternModel.swift */ = {isa = PBXFileReference; lastKnownFileType = sourcecode.swift; path = PatternModel.swift; sourceTree = "<group>"; };
		ED7C6F3C2C8F2A3C009B511D /* PaternData.swift */ = {isa = PBXFileReference; lastKnownFileType = sourcecode.swift; path = PaternData.swift; sourceTree = "<group>"; };
		ED7C6F3E2C95841A009B511D /* HomeCellModel.swift */ = {isa = PBXFileReference; lastKnownFileType = sourcecode.swift; path = HomeCellModel.swift; sourceTree = "<group>"; };
		ED7C6F422CA2F20A009B511D /* HomeAssembly.swift */ = {isa = PBXFileReference; lastKnownFileType = sourcecode.swift; path = HomeAssembly.swift; sourceTree = "<group>"; };
		ED7C6F442CA2F218009B511D /* HomeRouter.swift */ = {isa = PBXFileReference; lastKnownFileType = sourcecode.swift; path = HomeRouter.swift; sourceTree = "<group>"; };
		EDDAF3922CAE91290073DBFC /* DetailPatternViewController.swift */ = {isa = PBXFileReference; lastKnownFileType = sourcecode.swift; path = DetailPatternViewController.swift; sourceTree = "<group>"; };
		EDDAF3942CAFF6D50073DBFC /* Errors.swift */ = {isa = PBXFileReference; lastKnownFileType = sourcecode.swift; path = Errors.swift; sourceTree = "<group>"; };
		EDDAF3982CB28B430073DBFC /* AddingViewController.swift */ = {isa = PBXFileReference; lastKnownFileType = sourcecode.swift; path = AddingViewController.swift; sourceTree = "<group>"; };
		EDDAF39A2CB6B0010073DBFC /* AddingPresenter.swift */ = {isa = PBXFileReference; lastKnownFileType = sourcecode.swift; path = AddingPresenter.swift; sourceTree = "<group>"; };
		EDDAF39C2CB6B02F0073DBFC /* AddingRouter.swift */ = {isa = PBXFileReference; lastKnownFileType = sourcecode.swift; path = AddingRouter.swift; sourceTree = "<group>"; };
		EDDAF3A02CBD054B0073DBFC /* DetailPresenter.swift */ = {isa = PBXFileReference; lastKnownFileType = sourcecode.swift; path = DetailPresenter.swift; sourceTree = "<group>"; };
		EDDAF3A22CBD05590073DBFC /* DetailRouter.swift */ = {isa = PBXFileReference; lastKnownFileType = sourcecode.swift; path = DetailRouter.swift; sourceTree = "<group>"; };
		EDDAF3A52CBFF7310073DBFC /* ImagePicker.swift */ = {isa = PBXFileReference; lastKnownFileType = sourcecode.swift; path = ImagePicker.swift; sourceTree = "<group>"; };
		EDDAF3A72CC7FFB90073DBFC /* DropDown.swift */ = {isa = PBXFileReference; lastKnownFileType = sourcecode.swift; path = DropDown.swift; sourceTree = "<group>"; };
		EDF6AACD2C664DAD006E843C /* taskwithUIView.app */ = {isa = PBXFileReference; explicitFileType = wrapper.application; includeInIndex = 0; path = taskwithUIView.app; sourceTree = BUILT_PRODUCTS_DIR; };
		EDF6AAD02C664DAD006E843C /* AppDelegate.swift */ = {isa = PBXFileReference; lastKnownFileType = sourcecode.swift; path = AppDelegate.swift; sourceTree = "<group>"; };
		EDF6AAD22C664DAD006E843C /* SceneDelegate.swift */ = {isa = PBXFileReference; lastKnownFileType = sourcecode.swift; path = SceneDelegate.swift; sourceTree = "<group>"; };
		EDF6AAD92C664DB0006E843C /* Assets.xcassets */ = {isa = PBXFileReference; lastKnownFileType = folder.assetcatalog; path = Assets.xcassets; sourceTree = "<group>"; };
		EDF6AADC2C664DB0006E843C /* Base */ = {isa = PBXFileReference; lastKnownFileType = file.storyboard; name = Base; path = Base.lproj/LaunchScreen.storyboard; sourceTree = "<group>"; };
		EDF6AADE2C664DB0006E843C /* Info.plist */ = {isa = PBXFileReference; lastKnownFileType = text.plist.xml; path = Info.plist; sourceTree = "<group>"; };
		EDF6AAE42C665003006E843C /* HomePresenter.swift */ = {isa = PBXFileReference; lastKnownFileType = sourcecode.swift; path = HomePresenter.swift; sourceTree = "<group>"; };
		EDF6AAE62C66502F006E843C /* HomeViewController.swift */ = {isa = PBXFileReference; lastKnownFileType = sourcecode.swift; path = HomeViewController.swift; sourceTree = "<group>"; };
		EDF6AAF22C67A013006E843C /* HomeTableViewCell.swift */ = {isa = PBXFileReference; lastKnownFileType = sourcecode.swift; path = HomeTableViewCell.swift; sourceTree = "<group>"; };
/* End PBXFileReference section */

/* Begin PBXFrameworksBuildPhase section */
		EDF6AACA2C664DAD006E843C /* Frameworks */ = {
			isa = PBXFrameworksBuildPhase;
			buildActionMask = 2147483647;
			files = (
			);
			runOnlyForDeploymentPostprocessing = 0;
		};
/* End PBXFrameworksBuildPhase section */

/* Begin PBXGroup section */
		EDDAF39E2CB6B0420073DBFC /* Adding */ = {
			isa = PBXGroup;
			children = (
				EDDAF39A2CB6B0010073DBFC /* AddingPresenter.swift */,
				EDDAF39C2CB6B02F0073DBFC /* AddingRouter.swift */,
			);
			path = Adding;
			sourceTree = "<group>";
		};
		EDDAF39F2CB94AA80073DBFC /* Home */ = {
			isa = PBXGroup;
			children = (
				ED7C6F422CA2F20A009B511D /* HomeAssembly.swift */,
				EDF6AAE42C665003006E843C /* HomePresenter.swift */,
				ED7C6F442CA2F218009B511D /* HomeRouter.swift */,
			);
			path = Home;
			sourceTree = "<group>";
		};
		EDDAF3A42CBD057A0073DBFC /* Detail */ = {
			isa = PBXGroup;
			children = (
				EDDAF3A02CBD054B0073DBFC /* DetailPresenter.swift */,
				EDDAF3A22CBD05590073DBFC /* DetailRouter.swift */,
			);
			path = Detail;
			sourceTree = "<group>";
		};
		EDF6AAC42C664DAD006E843C = {
			isa = PBXGroup;
			children = (
				EDF6AACF2C664DAD006E843C /* task */,
				EDF6AACE2C664DAD006E843C /* Products */,
			);
			sourceTree = "<group>";
		};
		EDF6AACE2C664DAD006E843C /* Products */ = {
			isa = PBXGroup;
			children = (
				EDF6AACD2C664DAD006E843C /* taskwithUIView.app */,
			);
			name = Products;
			sourceTree = "<group>";
		};
		EDF6AACF2C664DAD006E843C /* task */ = {
			isa = PBXGroup;
			children = (
				EDDAF39E2CB6B0420073DBFC /* Adding */,
				EDDAF3A42CBD057A0073DBFC /* Detail */,
				EDDAF39F2CB94AA80073DBFC /* Home */,
				EDF6AAF42C681FB7006E843C /* Controllers */,
				EDF6AAF62C681FF0006E843C /* View */,
				EDF6AAF52C681FD8006E843C /* Model */,
				EDF6AAD02C664DAD006E843C /* AppDelegate.swift */,
				EDF6AAD22C664DAD006E843C /* SceneDelegate.swift */,
				EDDAF3A52CBFF7310073DBFC /* ImagePicker.swift */,
				EDDAF3942CAFF6D50073DBFC /* Errors.swift */,
				EDF6AAD92C664DB0006E843C /* Assets.xcassets */,
				EDF6AADB2C664DB0006E843C /* LaunchScreen.storyboard */,
				EDF6AADE2C664DB0006E843C /* Info.plist */,
			);
			path = task;
			sourceTree = "<group>";
		};
		EDF6AAF42C681FB7006E843C /* Controllers */ = {
			isa = PBXGroup;
			children = (
				EDF6AAE62C66502F006E843C /* HomeViewController.swift */,
				EDDAF3982CB28B430073DBFC /* AddingViewController.swift */,
				EDDAF3922CAE91290073DBFC /* DetailPatternViewController.swift */,
			);
			path = Controllers;
			sourceTree = "<group>";
		};
		EDF6AAF52C681FD8006E843C /* Model */ = {
			isa = PBXGroup;
			children = (
				ED7C6F3A2C8F0B1C009B511D /* PatternModel.swift */,
				ED7C6F3C2C8F2A3C009B511D /* PaternData.swift */,
				ED7C6F3E2C95841A009B511D /* HomeCellModel.swift */,
			);
			path = Model;
			sourceTree = "<group>";
		};
		EDF6AAF62C681FF0006E843C /* View */ = {
			isa = PBXGroup;
			children = (
				EDDAF3A72CC7FFB90073DBFC /* DropDown.swift */,
				EDF6AAF22C67A013006E843C /* HomeTableViewCell.swift */,
				ED7C6F342C6E30A1009B511D /* MenuView.swift */,
			);
			path = View;
			sourceTree = "<group>";
		};
/* End PBXGroup section */

/* Begin PBXNativeTarget section */
		EDF6AACC2C664DAD006E843C /* taskwithUIView */ = {
			isa = PBXNativeTarget;
			buildConfigurationList = EDF6AAE12C664DB0006E843C /* Build configuration list for PBXNativeTarget "taskwithUIView" */;
			buildPhases = (
				EDF6AAC92C664DAD006E843C /* Sources */,
				EDF6AACA2C664DAD006E843C /* Frameworks */,
				EDF6AACB2C664DAD006E843C /* Resources */,
			);
			buildRules = (
			);
			dependencies = (
			);
			name = taskwithUIView;
			productName = task;
			productReference = EDF6AACD2C664DAD006E843C /* taskwithUIView.app */;
			productType = "com.apple.product-type.application";
		};
/* End PBXNativeTarget section */

/* Begin PBXProject section */
		EDF6AAC52C664DAD006E843C /* Project object */ = {
			isa = PBXProject;
			attributes = {
				BuildIndependentTargetsInParallel = 1;
				LastSwiftUpdateCheck = 1540;
				LastUpgradeCheck = 1540;
				TargetAttributes = {
					EDF6AACC2C664DAD006E843C = {
						CreatedOnToolsVersion = 15.4;
					};
				};
			};
			buildConfigurationList = EDF6AAC82C664DAD006E843C /* Build configuration list for PBXProject "taskwithUIView" */;
			compatibilityVersion = "Xcode 14.0";
			developmentRegion = en;
			hasScannedForEncodings = 0;
			knownRegions = (
				en,
				Base,
			);
			mainGroup = EDF6AAC42C664DAD006E843C;
			productRefGroup = EDF6AACE2C664DAD006E843C /* Products */;
			projectDirPath = "";
			projectRoot = "";
			targets = (
				EDF6AACC2C664DAD006E843C /* taskwithUIView */,
			);
		};
/* End PBXProject section */

/* Begin PBXResourcesBuildPhase section */
		EDF6AACB2C664DAD006E843C /* Resources */ = {
			isa = PBXResourcesBuildPhase;
			buildActionMask = 2147483647;
			files = (
				EDF6AADA2C664DB0006E843C /* Assets.xcassets in Resources */,
				EDF6AADD2C664DB0006E843C /* Base in Resources */,
			);
			runOnlyForDeploymentPostprocessing = 0;
		};
/* End PBXResourcesBuildPhase section */

/* Begin PBXSourcesBuildPhase section */
		EDF6AAC92C664DAD006E843C /* Sources */ = {
			isa = PBXSourcesBuildPhase;
			buildActionMask = 2147483647;
			files = (
				EDF6AAE72C66502F006E843C /* HomeViewController.swift in Sources */,
				EDDAF3992CB28B430073DBFC /* AddingViewController.swift in Sources */,
				ED7C6F452CA2F218009B511D /* HomeRouter.swift in Sources */,
				EDF6AAD12C664DAD006E843C /* AppDelegate.swift in Sources */,
				ED7C6F432CA2F20A009B511D /* HomeAssembly.swift in Sources */,
				EDDAF39D2CB6B02F0073DBFC /* AddingRouter.swift in Sources */,
				EDDAF3932CAE91290073DBFC /* DetailPatternViewController.swift in Sources */,
				EDDAF3A62CBFF7310073DBFC /* ImagePicker.swift in Sources */,
				ED7C6F3D2C8F2A3C009B511D /* PaternData.swift in Sources */,
				ED7C6F3F2C95841A009B511D /* HomeCellModel.swift in Sources */,
				EDDAF3952CAFF6D50073DBFC /* Errors.swift in Sources */,
				EDF6AAD32C664DAD006E843C /* SceneDelegate.swift in Sources */,
				EDDAF3A82CC7FFB90073DBFC /* DropDown.swift in Sources */,
				EDF6AAF32C67A013006E843C /* HomeTableViewCell.swift in Sources */,
				EDDAF39B2CB6B0010073DBFC /* AddingPresenter.swift in Sources */,
				ED7C6F352C6E30A1009B511D /* MenuView.swift in Sources */,
				EDF6AAE52C665003006E843C /* HomePresenter.swift in Sources */,
				EDDAF3A32CBD05590073DBFC /* DetailRouter.swift in Sources */,
				ED7C6F3B2C8F0B1C009B511D /* PatternModel.swift in Sources */,
				EDDAF3A12CBD054B0073DBFC /* DetailPresenter.swift in Sources */,
			);
			runOnlyForDeploymentPostprocessing = 0;
		};
/* End PBXSourcesBuildPhase section */

/* Begin PBXVariantGroup section */
		EDF6AADB2C664DB0006E843C /* LaunchScreen.storyboard */ = {
			isa = PBXVariantGroup;
			children = (
				EDF6AADC2C664DB0006E843C /* Base */,
			);
			name = LaunchScreen.storyboard;
			sourceTree = "<group>";
		};
/* End PBXVariantGroup section */

/* Begin XCBuildConfiguration section */
		EDF6AADF2C664DB0006E843C /* Debug */ = {
			isa = XCBuildConfiguration;
			buildSettings = {
				ALWAYS_SEARCH_USER_PATHS = NO;
				ASSETCATALOG_COMPILER_GENERATE_SWIFT_ASSET_SYMBOL_EXTENSIONS = YES;
				CLANG_ANALYZER_NONNULL = YES;
				CLANG_ANALYZER_NUMBER_OBJECT_CONVERSION = YES_AGGRESSIVE;
				CLANG_CXX_LANGUAGE_STANDARD = "gnu++20";
				CLANG_ENABLE_MODULES = YES;
				CLANG_ENABLE_OBJC_ARC = YES;
				CLANG_ENABLE_OBJC_WEAK = YES;
				CLANG_WARN_BLOCK_CAPTURE_AUTORELEASING = YES;
				CLANG_WARN_BOOL_CONVERSION = YES;
				CLANG_WARN_COMMA = YES;
				CLANG_WARN_CONSTANT_CONVERSION = YES;
				CLANG_WARN_DEPRECATED_OBJC_IMPLEMENTATIONS = YES;
				CLANG_WARN_DIRECT_OBJC_ISA_USAGE = YES_ERROR;
				CLANG_WARN_DOCUMENTATION_COMMENTS = YES;
				CLANG_WARN_EMPTY_BODY = YES;
				CLANG_WARN_ENUM_CONVERSION = YES;
				CLANG_WARN_INFINITE_RECURSION = YES;
				CLANG_WARN_INT_CONVERSION = YES;
				CLANG_WARN_NON_LITERAL_NULL_CONVERSION = YES;
				CLANG_WARN_OBJC_IMPLICIT_RETAIN_SELF = YES;
				CLANG_WARN_OBJC_LITERAL_CONVERSION = YES;
				CLANG_WARN_OBJC_ROOT_CLASS = YES_ERROR;
				CLANG_WARN_QUOTED_INCLUDE_IN_FRAMEWORK_HEADER = YES;
				CLANG_WARN_RANGE_LOOP_ANALYSIS = YES;
				CLANG_WARN_STRICT_PROTOTYPES = YES;
				CLANG_WARN_SUSPICIOUS_MOVE = YES;
				CLANG_WARN_UNGUARDED_AVAILABILITY = YES_AGGRESSIVE;
				CLANG_WARN_UNREACHABLE_CODE = YES;
				CLANG_WARN__DUPLICATE_METHOD_MATCH = YES;
				COPY_PHASE_STRIP = NO;
				DEBUG_INFORMATION_FORMAT = dwarf;
				ENABLE_STRICT_OBJC_MSGSEND = YES;
				ENABLE_TESTABILITY = YES;
				ENABLE_USER_SCRIPT_SANDBOXING = YES;
				GCC_C_LANGUAGE_STANDARD = gnu17;
				GCC_DYNAMIC_NO_PIC = NO;
				GCC_NO_COMMON_BLOCKS = YES;
				GCC_OPTIMIZATION_LEVEL = 0;
				GCC_PREPROCESSOR_DEFINITIONS = (
					"DEBUG=1",
					"$(inherited)",
				);
				GCC_WARN_64_TO_32_BIT_CONVERSION = YES;
				GCC_WARN_ABOUT_RETURN_TYPE = YES_ERROR;
				GCC_WARN_UNDECLARED_SELECTOR = YES;
				GCC_WARN_UNINITIALIZED_AUTOS = YES_AGGRESSIVE;
				GCC_WARN_UNUSED_FUNCTION = YES;
				GCC_WARN_UNUSED_VARIABLE = YES;
				IPHONEOS_DEPLOYMENT_TARGET = 17.5;
				LOCALIZATION_PREFERS_STRING_CATALOGS = YES;
				MTL_ENABLE_DEBUG_INFO = INCLUDE_SOURCE;
				MTL_FAST_MATH = YES;
				ONLY_ACTIVE_ARCH = YES;
				SDKROOT = iphoneos;
				SWIFT_ACTIVE_COMPILATION_CONDITIONS = "DEBUG $(inherited)";
				SWIFT_OPTIMIZATION_LEVEL = "-Onone";
			};
			name = Debug;
		};
		EDF6AAE02C664DB0006E843C /* Release */ = {
			isa = XCBuildConfiguration;
			buildSettings = {
				ALWAYS_SEARCH_USER_PATHS = NO;
				ASSETCATALOG_COMPILER_GENERATE_SWIFT_ASSET_SYMBOL_EXTENSIONS = YES;
				CLANG_ANALYZER_NONNULL = YES;
				CLANG_ANALYZER_NUMBER_OBJECT_CONVERSION = YES_AGGRESSIVE;
				CLANG_CXX_LANGUAGE_STANDARD = "gnu++20";
				CLANG_ENABLE_MODULES = YES;
				CLANG_ENABLE_OBJC_ARC = YES;
				CLANG_ENABLE_OBJC_WEAK = YES;
				CLANG_WARN_BLOCK_CAPTURE_AUTORELEASING = YES;
				CLANG_WARN_BOOL_CONVERSION = YES;
				CLANG_WARN_COMMA = YES;
				CLANG_WARN_CONSTANT_CONVERSION = YES;
				CLANG_WARN_DEPRECATED_OBJC_IMPLEMENTATIONS = YES;
				CLANG_WARN_DIRECT_OBJC_ISA_USAGE = YES_ERROR;
				CLANG_WARN_DOCUMENTATION_COMMENTS = YES;
				CLANG_WARN_EMPTY_BODY = YES;
				CLANG_WARN_ENUM_CONVERSION = YES;
				CLANG_WARN_INFINITE_RECURSION = YES;
				CLANG_WARN_INT_CONVERSION = YES;
				CLANG_WARN_NON_LITERAL_NULL_CONVERSION = YES;
				CLANG_WARN_OBJC_IMPLICIT_RETAIN_SELF = YES;
				CLANG_WARN_OBJC_LITERAL_CONVERSION = YES;
				CLANG_WARN_OBJC_ROOT_CLASS = YES_ERROR;
				CLANG_WARN_QUOTED_INCLUDE_IN_FRAMEWORK_HEADER = YES;
				CLANG_WARN_RANGE_LOOP_ANALYSIS = YES;
				CLANG_WARN_STRICT_PROTOTYPES = YES;
				CLANG_WARN_SUSPICIOUS_MOVE = YES;
				CLANG_WARN_UNGUARDED_AVAILABILITY = YES_AGGRESSIVE;
				CLANG_WARN_UNREACHABLE_CODE = YES;
				CLANG_WARN__DUPLICATE_METHOD_MATCH = YES;
				COPY_PHASE_STRIP = NO;
				DEBUG_INFORMATION_FORMAT = "dwarf-with-dsym";
				ENABLE_NS_ASSERTIONS = NO;
				ENABLE_STRICT_OBJC_MSGSEND = YES;
				ENABLE_USER_SCRIPT_SANDBOXING = YES;
				GCC_C_LANGUAGE_STANDARD = gnu17;
				GCC_NO_COMMON_BLOCKS = YES;
				GCC_WARN_64_TO_32_BIT_CONVERSION = YES;
				GCC_WARN_ABOUT_RETURN_TYPE = YES_ERROR;
				GCC_WARN_UNDECLARED_SELECTOR = YES;
				GCC_WARN_UNINITIALIZED_AUTOS = YES_AGGRESSIVE;
				GCC_WARN_UNUSED_FUNCTION = YES;
				GCC_WARN_UNUSED_VARIABLE = YES;
				IPHONEOS_DEPLOYMENT_TARGET = 17.5;
				LOCALIZATION_PREFERS_STRING_CATALOGS = YES;
				MTL_ENABLE_DEBUG_INFO = NO;
				MTL_FAST_MATH = YES;
				SDKROOT = iphoneos;
				SWIFT_COMPILATION_MODE = wholemodule;
				VALIDATE_PRODUCT = YES;
			};
			name = Release;
		};
		EDF6AAE22C664DB0006E843C /* Debug */ = {
			isa = XCBuildConfiguration;
			buildSettings = {
				ASSETCATALOG_COMPILER_APPICON_NAME = AppIcon;
				ASSETCATALOG_COMPILER_GLOBAL_ACCENT_COLOR_NAME = AccentColor;
				CODE_SIGN_STYLE = Automatic;
				CURRENT_PROJECT_VERSION = 1;
				GENERATE_INFOPLIST_FILE = YES;
				INFOPLIST_FILE = task/Info.plist;
				INFOPLIST_KEY_UIApplicationSupportsIndirectInputEvents = YES;
				INFOPLIST_KEY_UILaunchStoryboardName = LaunchScreen;
				INFOPLIST_KEY_UISupportedInterfaceOrientations_iPad = "UIInterfaceOrientationPortrait UIInterfaceOrientationPortraitUpsideDown UIInterfaceOrientationLandscapeLeft UIInterfaceOrientationLandscapeRight";
				INFOPLIST_KEY_UISupportedInterfaceOrientations_iPhone = "UIInterfaceOrientationPortrait UIInterfaceOrientationLandscapeLeft UIInterfaceOrientationLandscapeRight";
				LD_RUNPATH_SEARCH_PATHS = (
					"$(inherited)",
					"@executable_path/Frameworks",
				);
				MARKETING_VERSION = 1.0;
				PRODUCT_BUNDLE_IDENTIFIER = com.alapp.task;
				PRODUCT_NAME = "$(TARGET_NAME)";
				SUPPORTED_PLATFORMS = "iphoneos iphonesimulator";
				SUPPORTS_MACCATALYST = NO;
				SUPPORTS_MAC_DESIGNED_FOR_IPHONE_IPAD = NO;
				SUPPORTS_XR_DESIGNED_FOR_IPHONE_IPAD = NO;
				SWIFT_EMIT_LOC_STRINGS = YES;
				SWIFT_VERSION = 5.0;
				TARGETED_DEVICE_FAMILY = "1,2";
			};
			name = Debug;
		};
		EDF6AAE32C664DB0006E843C /* Release */ = {
			isa = XCBuildConfiguration;
			buildSettings = {
				ASSETCATALOG_COMPILER_APPICON_NAME = AppIcon;
				ASSETCATALOG_COMPILER_GLOBAL_ACCENT_COLOR_NAME = AccentColor;
				CODE_SIGN_STYLE = Automatic;
				CURRENT_PROJECT_VERSION = 1;
				GENERATE_INFOPLIST_FILE = YES;
				INFOPLIST_FILE = task/Info.plist;
				INFOPLIST_KEY_UIApplicationSupportsIndirectInputEvents = YES;
				INFOPLIST_KEY_UILaunchStoryboardName = LaunchScreen;
				INFOPLIST_KEY_UISupportedInterfaceOrientations_iPad = "UIInterfaceOrientationPortrait UIInterfaceOrientationPortraitUpsideDown UIInterfaceOrientationLandscapeLeft UIInterfaceOrientationLandscapeRight";
				INFOPLIST_KEY_UISupportedInterfaceOrientations_iPhone = "UIInterfaceOrientationPortrait UIInterfaceOrientationLandscapeLeft UIInterfaceOrientationLandscapeRight";
				LD_RUNPATH_SEARCH_PATHS = (
					"$(inherited)",
					"@executable_path/Frameworks",
				);
				MARKETING_VERSION = 1.0;
				PRODUCT_BUNDLE_IDENTIFIER = com.alapp.task;
				PRODUCT_NAME = "$(TARGET_NAME)";
				SUPPORTED_PLATFORMS = "iphoneos iphonesimulator";
				SUPPORTS_MACCATALYST = NO;
				SUPPORTS_MAC_DESIGNED_FOR_IPHONE_IPAD = NO;
				SUPPORTS_XR_DESIGNED_FOR_IPHONE_IPAD = NO;
				SWIFT_EMIT_LOC_STRINGS = YES;
				SWIFT_VERSION = 5.0;
				TARGETED_DEVICE_FAMILY = "1,2";
			};
			name = Release;
		};
/* End XCBuildConfiguration section */

/* Begin XCConfigurationList section */
		EDF6AAC82C664DAD006E843C /* Build configuration list for PBXProject "taskwithUIView" */ = {
			isa = XCConfigurationList;
			buildConfigurations = (
				EDF6AADF2C664DB0006E843C /* Debug */,
				EDF6AAE02C664DB0006E843C /* Release */,
			);
			defaultConfigurationIsVisible = 0;
			defaultConfigurationName = Release;
		};
		EDF6AAE12C664DB0006E843C /* Build configuration list for PBXNativeTarget "taskwithUIView" */ = {
			isa = XCConfigurationList;
			buildConfigurations = (
				EDF6AAE22C664DB0006E843C /* Debug */,
				EDF6AAE32C664DB0006E843C /* Release */,
			);
			defaultConfigurationIsVisible = 0;
			defaultConfigurationName = Release;
		};
/* End XCConfigurationList section */
	};
	rootObject = EDF6AAC52C664DAD006E843C /* Project object */;
}
